
Microsoft Visual Studio Solution File, Format Version 12.00
# Visual Studio 2012
Project("{FAE04EC0-301F-11D3-BF4B-00C04F79EFBC}") = "PizzaUds", "PizzaUds\PizzaUds.csproj", "{8F101EA6-ED8E-439B-8C84-967C6288F5EA}"
EndProject
Global
	GlobalSection(SolutionConfigurationPlatforms) = preSolution
		Debug|Any CPU = Debug|Any CPU
		Release|Any CPU = Release|Any CPU
	EndGlobalSection
	GlobalSection(ProjectConfigurationPlatforms) = postSolution
		{8F101EA6-ED8E-439B-8C84-967C6288F5EA}.Debug|Any CPU.ActiveCfg = Debug|Any CPU
		{8F101EA6-ED8E-439B-8C84-967C6288F5EA}.Debug|Any CPU.Build.0 = Debug|Any CPU
		{8F101EA6-ED8E-439B-8C84-967C6288F5EA}.Release|Any CPU.ActiveCfg = Release|Any CPU
		{8F101EA6-ED8E-439B-8C84-967C6288F5EA}.Release|Any CPU.Build.0 = Release|Any CPU
	EndGlobalSection
	GlobalSection(SolutionProperties) = preSolution
		HideSolutionNode = FALSE
	EndGlobalSection
EndGlobal
